
Microsoft Visual Studio Solution File, Format Version 12.00
# Visual Studio Version 17
VisualStudioVersion = 17.5.002.0
MinimumVisualStudioVersion = 10.0.40219.1
Project("{9A19103F-16F7-4668-BE54-9A1E7A4F7556}") = "RealTimeChatApp", "RealTimeChatApp.csproj", "{E99D524A-CEA9-4A1D-A114-E65766965938}"
EndProject
Global
	GlobalSection(SolutionConfigurationPlatforms) = preSolution
		Debug|Any CPU = Debug|Any CPU
		Release|Any CPU = Release|Any CPU
	EndGlobalSection
	GlobalSection(ProjectConfigurationPlatforms) = postSolution
		{E99D524A-CEA9-4A1D-A114-E65766965938}.Debug|Any CPU.ActiveCfg = Debug|Any CPU
		{E99D524A-CEA9-4A1D-A114-E65766965938}.Debug|Any CPU.Build.0 = Debug|Any CPU
		{E99D524A-CEA9-4A1D-A114-E65766965938}.Release|Any CPU.ActiveCfg = Release|Any CPU
		{E99D524A-CEA9-4A1D-A114-E65766965938}.Release|Any CPU.Build.0 = Release|Any CPU
	EndGlobalSection
	GlobalSection(SolutionProperties) = preSolution
		HideSolutionNode = FALSE
	EndGlobalSection
	GlobalSection(ExtensibilityGlobals) = postSolution
		SolutionGuid = {B96AE979-1EB6-468A-9D6B-FB724895E24B}
	EndGlobalSection
EndGlobal
